
Microsoft Visual Studio Solution File, Format Version 12.00
# Visual Studio 14
VisualStudioVersion = 14.0.25420.1
MinimumVisualStudioVersion = 10.0.40219.1
Project("{8BC9CEB8-8B4A-11D0-8D11-00A0C91BC942}") = "kuOpenGLTest1_SimpleTriangle", "kuOpenGLTest1\kuOpenGLTest1.vcxproj", "{C2852382-C6C3-4770-A89A-11C372ACEA9D}"
EndProject
Project("{8BC9CEB8-8B4A-11D0-8D11-00A0C91BC942}") = "kuOpenGLTest2_ColorRectangle", "kuOpenGLTest2_ColorRectangle\kuOpenGLTest2_ColorRectangle.vcxproj", "{4391B045-300B-439E-BB5B-BE8EA49B7AE0}"
EndProject
Project("{8BC9CEB8-8B4A-11D0-8D11-00A0C91BC942}") = "kuOpenGLTest3_TexturedCube", "kuOpenGLTest3_TexturedCube\kuOpenGLTest3_TexturedCube.vcxproj", "{8084F583-CD2B-4847-BE15-713E1ACB8CE0}"
EndProject
Global
	GlobalSection(SolutionConfigurationPlatforms) = preSolution
		Debug|x64 = Debug|x64
		Debug|x86 = Debug|x86
		Release|x64 = Release|x64
		Release|x86 = Release|x86
	EndGlobalSection
	GlobalSection(ProjectConfigurationPlatforms) = postSolution
		{C2852382-C6C3-4770-A89A-11C372ACEA9D}.Debug|x64.ActiveCfg = Debug|x64
		{C2852382-C6C3-4770-A89A-11C372ACEA9D}.Debug|x64.Build.0 = Debug|x64
		{C2852382-C6C3-4770-A89A-11C372ACEA9D}.Debug|x86.ActiveCfg = Debug|Win32
		{C2852382-C6C3-4770-A89A-11C372ACEA9D}.Debug|x86.Build.0 = Debug|Win32
		{C2852382-C6C3-4770-A89A-11C372ACEA9D}.Release|x64.ActiveCfg = Release|x64
		{C2852382-C6C3-4770-A89A-11C372ACEA9D}.Release|x64.Build.0 = Release|x64
		{C2852382-C6C3-4770-A89A-11C372ACEA9D}.Release|x86.ActiveCfg = Release|Win32
		{C2852382-C6C3-4770-A89A-11C372ACEA9D}.Release|x86.Build.0 = Release|Win32
		{4391B045-300B-439E-BB5B-BE8EA49B7AE0}.Debug|x64.ActiveCfg = Debug|x64
		{4391B045-300B-439E-BB5B-BE8EA49B7AE0}.Debug|x64.Build.0 = Debug|x64
		{4391B045-300B-439E-BB5B-BE8EA49B7AE0}.Debug|x86.ActiveCfg = Debug|Win32
		{4391B045-300B-439E-BB5B-BE8EA49B7AE0}.Debug|x86.Build.0 = Debug|Win32
		{4391B045-300B-439E-BB5B-BE8EA49B7AE0}.Release|x64.ActiveCfg = Release|x64
		{4391B045-300B-439E-BB5B-BE8EA49B7AE0}.Release|x64.Build.0 = Release|x64
		{4391B045-300B-439E-BB5B-BE8EA49B7AE0}.Release|x86.ActiveCfg = Release|Win32
		{4391B045-300B-439E-BB5B-BE8EA49B7AE0}.Release|x86.Build.0 = Release|Win32
		{8084F583-CD2B-4847-BE15-713E1ACB8CE0}.Debug|x64.ActiveCfg = Debug|x64
		{8084F583-CD2B-4847-BE15-713E1ACB8CE0}.Debug|x64.Build.0 = Debug|x64
		{8084F583-CD2B-4847-BE15-713E1ACB8CE0}.Debug|x86.ActiveCfg = Debug|Win32
		{8084F583-CD2B-4847-BE15-713E1ACB8CE0}.Debug|x86.Build.0 = Debug|Win32
		{8084F583-CD2B-4847-BE15-713E1ACB8CE0}.Release|x64.ActiveCfg = Release|x64
		{8084F583-CD2B-4847-BE15-713E1ACB8CE0}.Release|x64.Build.0 = Release|x64
		{8084F583-CD2B-4847-BE15-713E1ACB8CE0}.Release|x86.ActiveCfg = Release|Win32
		{8084F583-CD2B-4847-BE15-713E1ACB8CE0}.Release|x86.Build.0 = Release|Win32
	EndGlobalSection
	GlobalSection(SolutionProperties) = preSolution
		HideSolutionNode = FALSE
	EndGlobalSection
EndGlobal
